
Microsoft Visual Studio Solution File, Format Version 12.00
# Visual Studio Version 17
VisualStudioVersion = 17.0.31903.59
MinimumVisualStudioVersion = 10.0.40219.1
Project("{2150E333-8FDC-42A3-9474-1A3956D46DE8}") = "BuildingBlocks", "BuildingBlocks", "{2AD8F1BD-C052-44B5-A23A-088C9334B520}"
EndProject
Project("{FAE04EC0-301F-11D3-BF4B-00C04F79EFBC}") = "BuildingBlocks.Domain", "BuildingBlocks\BuildingBlocks.Domain\BuildingBlocks.Domain.csproj", "{5AEA8AFD-8995-47C7-A939-D867B8EDF1FC}"
EndProject
Project("{FAE04EC0-301F-11D3-BF4B-00C04F79EFBC}") = "BuildingBlocks.Application", "BuildingBlocks\BuildingBlocks.Application\BuildingBlocks.Application.csproj", "{D66703B3-CA59-4CDE-B5CE-061206CC82A5}"
EndProject
Project("{FAE04EC0-301F-11D3-BF4B-00C04F79EFBC}") = "BuildingBlocks.Infrastructure", "BuildingBlocks\BuildingBlocks.Infrastructure\BuildingBlocks.Infrastructure.csproj", "{7FDB8C0B-1DE4-4C63-BA04-A84659D1490E}"
EndProject
Project("{2150E333-8FDC-42A3-9474-1A3956D46DE8}") = "Services", "Services", "{13FD7CB7-88E1-4A58-AD2B-115A5779E48A}"
EndProject
Project("{2150E333-8FDC-42A3-9474-1A3956D46DE8}") = "PatientSvc", "PatientSvc", "{09F46AD5-A142-4C15-9079-28503A10A0EE}"
EndProject
Project("{FAE04EC0-301F-11D3-BF4B-00C04F79EFBC}") = "PatientSvc.Domain", "Services\PatientSvc\PatientSvc.Domain\PatientSvc.Domain.csproj", "{BE10010E-55AE-48A3-8588-53D5DDE4EA03}"
EndProject
Project("{FAE04EC0-301F-11D3-BF4B-00C04F79EFBC}") = "PatientSvc.Application", "Services\PatientSvc\PatientSvc.Application\PatientSvc.Application.csproj", "{EC7A1898-944D-49E9-B28F-BE6415FB5F2F}"
EndProject
Project("{FAE04EC0-301F-11D3-BF4B-00C04F79EFBC}") = "PatientSvc.Infrastructure", "Services\PatientSvc\PatientSvc.Infrastructure\PatientSvc.Infrastructure.csproj", "{4AAAF0F7-7851-4E12-84EC-224B0985F378}"
EndProject
Project("{FAE04EC0-301F-11D3-BF4B-00C04F79EFBC}") = "PatientSvc.Api", "Services\PatientSvc\PatientSvc.Api\PatientSvc.Api.csproj", "{D8C9AA4B-EBF0-4702-B952-E871EFE5C0F8}"
EndProject
Project("{2150E333-8FDC-42A3-9474-1A3956D46DE8}") = "HccMappingSvc", "HccMappingSvc", "{E9E3363C-35CF-47C1-AF7D-E14DF42BA865}"
EndProject
Project("{FAE04EC0-301F-11D3-BF4B-00C04F79EFBC}") = "HccMappingSvc.Domain", "Services\HccMappingSvc\HccMappingSvc.Domain\HccMappingSvc.Domain.csproj", "{C3B7DB2A-2FCC-453B-B107-8E231A7AA780}"
EndProject
Project("{FAE04EC0-301F-11D3-BF4B-00C04F79EFBC}") = "HccMappingSvc.Application", "Services\HccMappingSvc\HccMappingSvc.Application\HccMappingSvc.Application.csproj", "{965CAC52-5E60-4876-88AD-714D965DB68F}"
EndProject
Project("{FAE04EC0-301F-11D3-BF4B-00C04F79EFBC}") = "HccMappingSvc.Infrastructure", "Services\HccMappingSvc\HccMappingSvc.Infrastructure\HccMappingSvc.Infrastructure.csproj", "{2FF8B7E5-3B18-449E-9337-8BBF1E4729BD}"
EndProject
Project("{FAE04EC0-301F-11D3-BF4B-00C04F79EFBC}") = "HccMappingSvc.Api", "Services\HccMappingSvc\HccMappingSvc.Api\HccMappingSvc.Api.csproj", "{DAE073FB-9F35-4C17-B266-C9240C255C9F}"
EndProject
Project("{2150E333-8FDC-42A3-9474-1A3956D46DE8}") = "GapEngineSvc", "GapEngineSvc", "{190A87FB-0E92-4412-921F-E60B0414BFC2}"
EndProject
Project("{FAE04EC0-301F-11D3-BF4B-00C04F79EFBC}") = "GapEngineSvc.Domain", "Services\GapEngineSvc\GapEngineSvc.Domain\GapEngineSvc.Domain.csproj", "{DE9261EA-FF9E-43F2-A5A6-38178B25B053}"
EndProject
Project("{FAE04EC0-301F-11D3-BF4B-00C04F79EFBC}") = "GapEngineSvc.Application", "Services\GapEngineSvc\GapEngineSvc.Application\GapEngineSvc.Application.csproj", "{0B3B67FB-0D2F-41CC-86C8-E59E288E4847}"
EndProject
Project("{FAE04EC0-301F-11D3-BF4B-00C04F79EFBC}") = "GapEngineSvc.Infrastructure", "Services\GapEngineSvc\GapEngineSvc.Infrastructure\GapEngineSvc.Infrastructure.csproj", "{1FD54FE1-CC49-484A-A6E0-3C3B1EE23689}"
EndProject
Project("{FAE04EC0-301F-11D3-BF4B-00C04F79EFBC}") = "GapEngineSvc.Api", "Services\GapEngineSvc\GapEngineSvc.Api\GapEngineSvc.Api.csproj", "{AC16830D-2601-48EE-8C8E-739777257DFE}"
EndProject
Project("{2150E333-8FDC-42A3-9474-1A3956D46DE8}") = "Gateways", "Gateways", "{15FFEFA7-54F4-4015-98F0-4FDB6A52AE99}"
EndProject
Project("{FAE04EC0-301F-11D3-BF4B-00C04F79EFBC}") = "OcelotGateway", "Gateways\OcelotGateway\OcelotGateway.csproj", "{B52EC408-D797-4BC5-8AFC-C220433A3221}"
EndProject
Global
	GlobalSection(SolutionConfigurationPlatforms) = preSolution
		Debug|Any CPU = Debug|Any CPU
		Release|Any CPU = Release|Any CPU
	EndGlobalSection
	GlobalSection(SolutionProperties) = preSolution
		HideSolutionNode = FALSE
	EndGlobalSection
	GlobalSection(ProjectConfigurationPlatforms) = postSolution
		{5AEA8AFD-8995-47C7-A939-D867B8EDF1FC}.Debug|Any CPU.ActiveCfg = Debug|Any CPU
		{5AEA8AFD-8995-47C7-A939-D867B8EDF1FC}.Debug|Any CPU.Build.0 = Debug|Any CPU
		{5AEA8AFD-8995-47C7-A939-D867B8EDF1FC}.Release|Any CPU.ActiveCfg = Release|Any CPU
		{5AEA8AFD-8995-47C7-A939-D867B8EDF1FC}.Release|Any CPU.Build.0 = Release|Any CPU
		{D66703B3-CA59-4CDE-B5CE-061206CC82A5}.Debug|Any CPU.ActiveCfg = Debug|Any CPU
		{D66703B3-CA59-4CDE-B5CE-061206CC82A5}.Debug|Any CPU.Build.0 = Debug|Any CPU
		{D66703B3-CA59-4CDE-B5CE-061206CC82A5}.Release|Any CPU.ActiveCfg = Release|Any CPU
		{D66703B3-CA59-4CDE-B5CE-061206CC82A5}.Release|Any CPU.Build.0 = Release|Any CPU
		{7FDB8C0B-1DE4-4C63-BA04-A84659D1490E}.Debug|Any CPU.ActiveCfg = Debug|Any CPU
		{7FDB8C0B-1DE4-4C63-BA04-A84659D1490E}.Debug|Any CPU.Build.0 = Debug|Any CPU
		{7FDB8C0B-1DE4-4C63-BA04-A84659D1490E}.Release|Any CPU.ActiveCfg = Release|Any CPU
		{7FDB8C0B-1DE4-4C63-BA04-A84659D1490E}.Release|Any CPU.Build.0 = Release|Any CPU
		{BE10010E-55AE-48A3-8588-53D5DDE4EA03}.Debug|Any CPU.ActiveCfg = Debug|Any CPU
		{BE10010E-55AE-48A3-8588-53D5DDE4EA03}.Debug|Any CPU.Build.0 = Debug|Any CPU
		{BE10010E-55AE-48A3-8588-53D5DDE4EA03}.Release|Any CPU.ActiveCfg = Release|Any CPU
		{BE10010E-55AE-48A3-8588-53D5DDE4EA03}.Release|Any CPU.Build.0 = Release|Any CPU
		{EC7A1898-944D-49E9-B28F-BE6415FB5F2F}.Debug|Any CPU.ActiveCfg = Debug|Any CPU
		{EC7A1898-944D-49E9-B28F-BE6415FB5F2F}.Debug|Any CPU.Build.0 = Debug|Any CPU
		{EC7A1898-944D-49E9-B28F-BE6415FB5F2F}.Release|Any CPU.ActiveCfg = Release|Any CPU
		{EC7A1898-944D-49E9-B28F-BE6415FB5F2F}.Release|Any CPU.Build.0 = Release|Any CPU
		{4AAAF0F7-7851-4E12-84EC-224B0985F378}.Debug|Any CPU.ActiveCfg = Debug|Any CPU
		{4AAAF0F7-7851-4E12-84EC-224B0985F378}.Debug|Any CPU.Build.0 = Debug|Any CPU
		{4AAAF0F7-7851-4E12-84EC-224B0985F378}.Release|Any CPU.ActiveCfg = Release|Any CPU
		{4AAAF0F7-7851-4E12-84EC-224B0985F378}.Release|Any CPU.Build.0 = Release|Any CPU
		{D8C9AA4B-EBF0-4702-B952-E871EFE5C0F8}.Debug|Any CPU.ActiveCfg = Debug|Any CPU
		{D8C9AA4B-EBF0-4702-B952-E871EFE5C0F8}.Debug|Any CPU.Build.0 = Debug|Any CPU
		{D8C9AA4B-EBF0-4702-B952-E871EFE5C0F8}.Release|Any CPU.ActiveCfg = Release|Any CPU
		{D8C9AA4B-EBF0-4702-B952-E871EFE5C0F8}.Release|Any CPU.Build.0 = Release|Any CPU
		{C3B7DB2A-2FCC-453B-B107-8E231A7AA780}.Debug|Any CPU.ActiveCfg = Debug|Any CPU
		{C3B7DB2A-2FCC-453B-B107-8E231A7AA780}.Debug|Any CPU.Build.0 = Debug|Any CPU
		{C3B7DB2A-2FCC-453B-B107-8E231A7AA780}.Release|Any CPU.ActiveCfg = Release|Any CPU
		{C3B7DB2A-2FCC-453B-B107-8E231A7AA780}.Release|Any CPU.Build.0 = Release|Any CPU
		{965CAC52-5E60-4876-88AD-714D965DB68F}.Debug|Any CPU.ActiveCfg = Debug|Any CPU
		{965CAC52-5E60-4876-88AD-714D965DB68F}.Debug|Any CPU.Build.0 = Debug|Any CPU
		{965CAC52-5E60-4876-88AD-714D965DB68F}.Release|Any CPU.ActiveCfg = Release|Any CPU
		{965CAC52-5E60-4876-88AD-714D965DB68F}.Release|Any CPU.Build.0 = Release|Any CPU
		{2FF8B7E5-3B18-449E-9337-8BBF1E4729BD}.Debug|Any CPU.ActiveCfg = Debug|Any CPU
		{2FF8B7E5-3B18-449E-9337-8BBF1E4729BD}.Debug|Any CPU.Build.0 = Debug|Any CPU
		{2FF8B7E5-3B18-449E-9337-8BBF1E4729BD}.Release|Any CPU.ActiveCfg = Release|Any CPU
		{2FF8B7E5-3B18-449E-9337-8BBF1E4729BD}.Release|Any CPU.Build.0 = Release|Any CPU
		{DAE073FB-9F35-4C17-B266-C9240C255C9F}.Debug|Any CPU.ActiveCfg = Debug|Any CPU
		{DAE073FB-9F35-4C17-B266-C9240C255C9F}.Debug|Any CPU.Build.0 = Debug|Any CPU
		{DAE073FB-9F35-4C17-B266-C9240C255C9F}.Release|Any CPU.ActiveCfg = Release|Any CPU
		{DAE073FB-9F35-4C17-B266-C9240C255C9F}.Release|Any CPU.Build.0 = Release|Any CPU
		{DE9261EA-FF9E-43F2-A5A6-38178B25B053}.Debug|Any CPU.ActiveCfg = Debug|Any CPU
		{DE9261EA-FF9E-43F2-A5A6-38178B25B053}.Debug|Any CPU.Build.0 = Debug|Any CPU
		{DE9261EA-FF9E-43F2-A5A6-38178B25B053}.Release|Any CPU.ActiveCfg = Release|Any CPU
		{DE9261EA-FF9E-43F2-A5A6-38178B25B053}.Release|Any CPU.Build.0 = Release|Any CPU
		{0B3B67FB-0D2F-41CC-86C8-E59E288E4847}.Debug|Any CPU.ActiveCfg = Debug|Any CPU
		{0B3B67FB-0D2F-41CC-86C8-E59E288E4847}.Debug|Any CPU.Build.0 = Debug|Any CPU
		{0B3B67FB-0D2F-41CC-86C8-E59E288E4847}.Release|Any CPU.ActiveCfg = Release|Any CPU
		{0B3B67FB-0D2F-41CC-86C8-E59E288E4847}.Release|Any CPU.Build.0 = Release|Any CPU
		{1FD54FE1-CC49-484A-A6E0-3C3B1EE23689}.Debug|Any CPU.ActiveCfg = Debug|Any CPU
		{1FD54FE1-CC49-484A-A6E0-3C3B1EE23689}.Debug|Any CPU.Build.0 = Debug|Any CPU
		{1FD54FE1-CC49-484A-A6E0-3C3B1EE23689}.Release|Any CPU.ActiveCfg = Release|Any CPU
		{1FD54FE1-CC49-484A-A6E0-3C3B1EE23689}.Release|Any CPU.Build.0 = Release|Any CPU
		{AC16830D-2601-48EE-8C8E-739777257DFE}.Debug|Any CPU.ActiveCfg = Debug|Any CPU
		{AC16830D-2601-48EE-8C8E-739777257DFE}.Debug|Any CPU.Build.0 = Debug|Any CPU
		{AC16830D-2601-48EE-8C8E-739777257DFE}.Release|Any CPU.ActiveCfg = Release|Any CPU
		{AC16830D-2601-48EE-8C8E-739777257DFE}.Release|Any CPU.Build.0 = Release|Any CPU
		{B52EC408-D797-4BC5-8AFC-C220433A3221}.Debug|Any CPU.ActiveCfg = Debug|Any CPU
		{B52EC408-D797-4BC5-8AFC-C220433A3221}.Debug|Any CPU.Build.0 = Debug|Any CPU
		{B52EC408-D797-4BC5-8AFC-C220433A3221}.Release|Any CPU.ActiveCfg = Release|Any CPU
		{B52EC408-D797-4BC5-8AFC-C220433A3221}.Release|Any CPU.Build.0 = Release|Any CPU
	EndGlobalSection
	GlobalSection(NestedProjects) = preSolution
		{5AEA8AFD-8995-47C7-A939-D867B8EDF1FC} = {2AD8F1BD-C052-44B5-A23A-088C9334B520}
		{D66703B3-CA59-4CDE-B5CE-061206CC82A5} = {2AD8F1BD-C052-44B5-A23A-088C9334B520}
		{7FDB8C0B-1DE4-4C63-BA04-A84659D1490E} = {2AD8F1BD-C052-44B5-A23A-088C9334B520}
		{09F46AD5-A142-4C15-9079-28503A10A0EE} = {13FD7CB7-88E1-4A58-AD2B-115A5779E48A}
		{BE10010E-55AE-48A3-8588-53D5DDE4EA03} = {09F46AD5-A142-4C15-9079-28503A10A0EE}
		{EC7A1898-944D-49E9-B28F-BE6415FB5F2F} = {09F46AD5-A142-4C15-9079-28503A10A0EE}
		{4AAAF0F7-7851-4E12-84EC-224B0985F378} = {09F46AD5-A142-4C15-9079-28503A10A0EE}
		{D8C9AA4B-EBF0-4702-B952-E871EFE5C0F8} = {09F46AD5-A142-4C15-9079-28503A10A0EE}
		{E9E3363C-35CF-47C1-AF7D-E14DF42BA865} = {13FD7CB7-88E1-4A58-AD2B-115A5779E48A}
		{C3B7DB2A-2FCC-453B-B107-8E231A7AA780} = {E9E3363C-35CF-47C1-AF7D-E14DF42BA865}
		{965CAC52-5E60-4876-88AD-714D965DB68F} = {E9E3363C-35CF-47C1-AF7D-E14DF42BA865}
		{2FF8B7E5-3B18-449E-9337-8BBF1E4729BD} = {E9E3363C-35CF-47C1-AF7D-E14DF42BA865}
		{DAE073FB-9F35-4C17-B266-C9240C255C9F} = {E9E3363C-35CF-47C1-AF7D-E14DF42BA865}
		{190A87FB-0E92-4412-921F-E60B0414BFC2} = {13FD7CB7-88E1-4A58-AD2B-115A5779E48A}
		{DE9261EA-FF9E-43F2-A5A6-38178B25B053} = {190A87FB-0E92-4412-921F-E60B0414BFC2}
		{0B3B67FB-0D2F-41CC-86C8-E59E288E4847} = {190A87FB-0E92-4412-921F-E60B0414BFC2}
		{1FD54FE1-CC49-484A-A6E0-3C3B1EE23689} = {190A87FB-0E92-4412-921F-E60B0414BFC2}
		{AC16830D-2601-48EE-8C8E-739777257DFE} = {190A87FB-0E92-4412-921F-E60B0414BFC2}
		{B52EC408-D797-4BC5-8AFC-C220433A3221} = {15FFEFA7-54F4-4015-98F0-4FDB6A52AE99}
	EndGlobalSection
EndGlobal
